// !$*UTF8*$!
{
	archiveVersion = 1;
	classes = {
	};
	objectVersion = 46;
	objects = {

/* Begin PBXBuildFile section */
		010322631438302400D970AE /* BeerCell.xib in Resources */ = {isa = PBXBuildFile; fileRef = 010322621438302400D970AE /* BeerCell.xib */; };
		01032266143833A200D970AE /* BeerCell.m in Sources */ = {isa = PBXBuildFile; fileRef = 01032265143833A200D970AE /* BeerCell.m */; };
		0103226A1438448600D970AE /* Boon_Oude_Gueuze.png in Resources */ = {isa = PBXBuildFile; fileRef = 010322671438448600D970AE /* Boon_Oude_Gueuze.png */; };
		0103226B1438448600D970AE /* Cantillon_Grand_Cru_Broucse.png in Resources */ = {isa = PBXBuildFile; fileRef = 010322681438448600D970AE /* Cantillon_Grand_Cru_Broucse.png */; };
		0103226C1438448600D970AE /* Cantillon_Lou_Pepe_Gueuze.png in Resources */ = {isa = PBXBuildFile; fileRef = 010322691438448600D970AE /* Cantillon_Lou_Pepe_Gueuze.png */; };
		0103227B14388DD000D970AE /* DetailBeerCell.m in Sources */ = {isa = PBXBuildFile; fileRef = 0103227A14388DD000D970AE /* DetailBeerCell.m */; };
		0103227D14388DEE00D970AE /* DetailBeerCell.xib in Resources */ = {isa = PBXBuildFile; fileRef = 0103227C14388DEE00D970AE /* DetailBeerCell.xib */; };
		0103227F1441AC7600D970AE /* DB設計 in Resources */ = {isa = PBXBuildFile; fileRef = 0103227E1441AC7600D970AE /* DB設計 */; };
		010322841441ADE900D970AE /* HomeViewController.m in Sources */ = {isa = PBXBuildFile; fileRef = 010322821441ADE900D970AE /* HomeViewController.m */; };
		010322851441ADE900D970AE /* HomeViewController.xib in Resources */ = {isa = PBXBuildFile; fileRef = 010322831441ADE900D970AE /* HomeViewController.xib */; };
		011987411426F90C0063A482 /* Default.png in Resources */ = {isa = PBXBuildFile; fileRef = 0119873A1426F90C0063A482 /* Default.png */; };
		011987421426F90C0063A482 /* Icon-72.png in Resources */ = {isa = PBXBuildFile; fileRef = 0119873B1426F90C0063A482 /* Icon-72.png */; };
		011987431426F90C0063A482 /* Icon-Small-50.png in Resources */ = {isa = PBXBuildFile; fileRef = 0119873C1426F90C0063A482 /* Icon-Small-50.png */; };
		011987441426F90C0063A482 /* Icon-Small.png in Resources */ = {isa = PBXBuildFile; fileRef = 0119873D1426F90C0063A482 /* Icon-Small.png */; };
		011987451426F90C0063A482 /* Icon-Small@2x.png in Resources */ = {isa = PBXBuildFile; fileRef = 0119873E1426F90C0063A482 /* Icon-Small@2x.png */; };
		011987461426F90C0063A482 /* Icon.png in Resources */ = {isa = PBXBuildFile; fileRef = 0119873F1426F90C0063A482 /* Icon.png */; };
		011987471426F90C0063A482 /* Icon@2x.png in Resources */ = {isa = PBXBuildFile; fileRef = 011987401426F90C0063A482 /* Icon@2x.png */; };
		0176F70D141635F400018748 /* UIKit.framework in Frameworks */ = {isa = PBXBuildFile; fileRef = 0176F70C141635F400018748 /* UIKit.framework */; };
		0176F70F141635F400018748 /* Foundation.framework in Frameworks */ = {isa = PBXBuildFile; fileRef = 0176F70E141635F400018748 /* Foundation.framework */; };
		0176F711141635F400018748 /* CoreGraphics.framework in Frameworks */ = {isa = PBXBuildFile; fileRef = 0176F710141635F400018748 /* CoreGraphics.framework */; };
		0176F717141635F400018748 /* InfoPlist.strings in Resources */ = {isa = PBXBuildFile; fileRef = 0176F715141635F400018748 /* InfoPlist.strings */; };
		0176F719141635F400018748 /* main.m in Sources */ = {isa = PBXBuildFile; fileRef = 0176F718141635F400018748 /* main.m */; };
		0176F71D141635F400018748 /* BelgianBeerAppDelegate.m in Sources */ = {isa = PBXBuildFile; fileRef = 0176F71C141635F400018748 /* BelgianBeerAppDelegate.m */; };
		0176F720141635F400018748 /* MainWindow.xib in Resources */ = {isa = PBXBuildFile; fileRef = 0176F71E141635F400018748 /* MainWindow.xib */; };
		0176F734141635F400018748 /* SenTestingKit.framework in Frameworks */ = {isa = PBXBuildFile; fileRef = 0176F733141635F400018748 /* SenTestingKit.framework */; };
		0176F735141635F400018748 /* UIKit.framework in Frameworks */ = {isa = PBXBuildFile; fileRef = 0176F70C141635F400018748 /* UIKit.framework */; };
		0176F736141635F400018748 /* Foundation.framework in Frameworks */ = {isa = PBXBuildFile; fileRef = 0176F70E141635F400018748 /* Foundation.framework */; };
		0176F737141635F400018748 /* CoreGraphics.framework in Frameworks */ = {isa = PBXBuildFile; fileRef = 0176F710141635F400018748 /* CoreGraphics.framework */; };
		0176F73F141635F400018748 /* InfoPlist.strings in Resources */ = {isa = PBXBuildFile; fileRef = 0176F73D141635F400018748 /* InfoPlist.strings */; };
		0176F741141635F500018748 /* BelgianBeerTests.h in Resources */ = {isa = PBXBuildFile; fileRef = 0176F740141635F500018748 /* BelgianBeerTests.h */; };
		0176F743141635F500018748 /* BelgianBeerTests.m in Sources */ = {isa = PBXBuildFile; fileRef = 0176F742141635F500018748 /* BelgianBeerTests.m */; };
		0176F7531416372A00018748 /* FavoriteViewController.m in Sources */ = {isa = PBXBuildFile; fileRef = 0176F7511416372A00018748 /* FavoriteViewController.m */; };
		0176F7541416372A00018748 /* FavoriteViewController.xib in Resources */ = {isa = PBXBuildFile; fileRef = 0176F7521416372A00018748 /* FavoriteViewController.xib */; };
		0176F77414163F7400018748 /* MainListNaviController.m in Sources */ = {isa = PBXBuildFile; fileRef = 0176F77214163F7400018748 /* MainListNaviController.m */; };
		0176F77514163F7400018748 /* MainListNaviController.xib in Resources */ = {isa = PBXBuildFile; fileRef = 0176F77314163F7400018748 /* MainListNaviController.xib */; };
		0176F77914163FC000018748 /* MainListTableController.m in Sources */ = {isa = PBXBuildFile; fileRef = 0176F77714163FC000018748 /* MainListTableController.m */; };
		0176F77A14163FC000018748 /* MainListTableController.xib in Resources */ = {isa = PBXBuildFile; fileRef = 0176F77814163FC000018748 /* MainListTableController.xib */; };
		0176F7881416472E00018748 /* Beer.db in Resources */ = {isa = PBXBuildFile; fileRef = 0176F7871416472E00018748 /* Beer.db */; };
		0176F78A141648D400018748 /* libsqlite3.0.dylib in Frameworks */ = {isa = PBXBuildFile; fileRef = 0176F789141648D400018748 /* libsqlite3.0.dylib */; };
		0176F7921416491300018748 /* FMDatabase.m in Sources */ = {isa = PBXBuildFile; fileRef = 0176F78D1416491300018748 /* FMDatabase.m */; };
		0176F7931416491300018748 /* FMDatabaseAdditions.m in Sources */ = {isa = PBXBuildFile; fileRef = 0176F78F1416491300018748 /* FMDatabaseAdditions.m */; };
		0176F7941416491300018748 /* FMResultSet.m in Sources */ = {isa = PBXBuildFile; fileRef = 0176F7911416491300018748 /* FMResultSet.m */; };
		0176F79B141654B200018748 /* BeerCategory.m in Sources */ = {isa = PBXBuildFile; fileRef = 0176F79A141654B200018748 /* BeerCategory.m */; };
		0176F7A514178C7700018748 /* Beer.m in Sources */ = {isa = PBXBuildFile; fileRef = 0176F7A414178C7700018748 /* Beer.m */; };
		01A26BD4141C475D00A4740D /* DetailTableViewController.m in Sources */ = {isa = PBXBuildFile; fileRef = 01A26BD2141C475D00A4740D /* DetailTableViewController.m */; };
		01A26BD5141C475D00A4740D /* DetailTableViewController.xib in Resources */ = {isa = PBXBuildFile; fileRef = 01A26BD3141C475D00A4740D /* DetailTableViewController.xib */; };
		01B2B1B21428D1B700263745 /* ShareCell.m in Sources */ = {isa = PBXBuildFile; fileRef = 01B2B1B11428D1B700263745 /* ShareCell.m */; };
		01B2B1B41428D31D00263745 /* ShareCell.xib in Resources */ = {isa = PBXBuildFile; fileRef = 01B2B1B31428D31D00263745 /* ShareCell.xib */; };
/* End PBXBuildFile section */

/* Begin PBXContainerItemProxy section */
		0176F738141635F400018748 /* PBXContainerItemProxy */ = {
			isa = PBXContainerItemProxy;
			containerPortal = 0176F6FF141635F400018748 /* Project object */;
			proxyType = 1;
			remoteGlobalIDString = 0176F707141635F400018748;
			remoteInfo = BelgianBeer;
		};
/* End PBXContainerItemProxy section */

/* Begin PBXFileReference section */
		010322621438302400D970AE /* BeerCell.xib */ = {isa = PBXFileReference; fileEncoding = 4; lastKnownFileType = file.xib; path = BeerCell.xib; sourceTree = "<group>"; };
		01032264143833A100D970AE /* BeerCell.h */ = {isa = PBXFileReference; fileEncoding = 4; lastKnownFileType = sourcecode.c.h; path = BeerCell.h; sourceTree = "<group>"; };
		01032265143833A200D970AE /* BeerCell.m */ = {isa = PBXFileReference; fileEncoding = 4; lastKnownFileType = sourcecode.c.objc; path = BeerCell.m; sourceTree = "<group>"; };
		010322671438448600D970AE /* Boon_Oude_Gueuze.png */ = {isa = PBXFileReference; lastKnownFileType = image.png; path = Boon_Oude_Gueuze.png; sourceTree = "<group>"; };
		010322681438448600D970AE /* Cantillon_Grand_Cru_Broucse.png */ = {isa = PBXFileReference; lastKnownFileType = image.png; path = Cantillon_Grand_Cru_Broucse.png; sourceTree = "<group>"; };
		010322691438448600D970AE /* Cantillon_Lou_Pepe_Gueuze.png */ = {isa = PBXFileReference; lastKnownFileType = image.png; path = Cantillon_Lou_Pepe_Gueuze.png; sourceTree = "<group>"; };
		0103227914388DCF00D970AE /* DetailBeerCell.h */ = {isa = PBXFileReference; fileEncoding = 4; lastKnownFileType = sourcecode.c.h; path = DetailBeerCell.h; sourceTree = "<group>"; };
		0103227A14388DD000D970AE /* DetailBeerCell.m */ = {isa = PBXFileReference; fileEncoding = 4; lastKnownFileType = sourcecode.c.objc; path = DetailBeerCell.m; sourceTree = "<group>"; };
		0103227C14388DEE00D970AE /* DetailBeerCell.xib */ = {isa = PBXFileReference; fileEncoding = 4; lastKnownFileType = file.xib; path = DetailBeerCell.xib; sourceTree = "<group>"; };
		0103227E1441AC7600D970AE /* DB設計 */ = {isa = PBXFileReference; fileEncoding = 4; lastKnownFileType = text; path = "DB設計"; sourceTree = "<group>"; };
		010322811441ADE900D970AE /* HomeViewController.h */ = {isa = PBXFileReference; fileEncoding = 4; lastKnownFileType = sourcecode.c.h; path = HomeViewController.h; sourceTree = "<group>"; };
		010322821441ADE900D970AE /* HomeViewController.m */ = {isa = PBXFileReference; fileEncoding = 4; lastKnownFileType = sourcecode.c.objc; path = HomeViewController.m; sourceTree = "<group>"; };
		010322831441ADE900D970AE /* HomeViewController.xib */ = {isa = PBXFileReference; fileEncoding = 4; lastKnownFileType = file.xib; path = HomeViewController.xib; sourceTree = "<group>"; };
		0119873A1426F90C0063A482 /* Default.png */ = {isa = PBXFileReference; lastKnownFileType = image.png; path = Default.png; sourceTree = "<group>"; };
		0119873B1426F90C0063A482 /* Icon-72.png */ = {isa = PBXFileReference; lastKnownFileType = image.png; path = "Icon-72.png"; sourceTree = "<group>"; };
		0119873C1426F90C0063A482 /* Icon-Small-50.png */ = {isa = PBXFileReference; lastKnownFileType = image.png; path = "Icon-Small-50.png"; sourceTree = "<group>"; };
		0119873D1426F90C0063A482 /* Icon-Small.png */ = {isa = PBXFileReference; lastKnownFileType = image.png; path = "Icon-Small.png"; sourceTree = "<group>"; };
		0119873E1426F90C0063A482 /* Icon-Small@2x.png */ = {isa = PBXFileReference; lastKnownFileType = image.png; path = "Icon-Small@2x.png"; sourceTree = "<group>"; };
		0119873F1426F90C0063A482 /* Icon.png */ = {isa = PBXFileReference; lastKnownFileType = image.png; path = Icon.png; sourceTree = "<group>"; };
		011987401426F90C0063A482 /* Icon@2x.png */ = {isa = PBXFileReference; lastKnownFileType = image.png; path = "Icon@2x.png"; sourceTree = "<group>"; };
		0176F708141635F400018748 /* BelgianBeer.app */ = {isa = PBXFileReference; explicitFileType = wrapper.application; includeInIndex = 0; path = BelgianBeer.app; sourceTree = BUILT_PRODUCTS_DIR; };
		0176F70C141635F400018748 /* UIKit.framework */ = {isa = PBXFileReference; lastKnownFileType = wrapper.framework; name = UIKit.framework; path = System/Library/Frameworks/UIKit.framework; sourceTree = SDKROOT; };
		0176F70E141635F400018748 /* Foundation.framework */ = {isa = PBXFileReference; lastKnownFileType = wrapper.framework; name = Foundation.framework; path = System/Library/Frameworks/Foundation.framework; sourceTree = SDKROOT; };
		0176F710141635F400018748 /* CoreGraphics.framework */ = {isa = PBXFileReference; lastKnownFileType = wrapper.framework; name = CoreGraphics.framework; path = System/Library/Frameworks/CoreGraphics.framework; sourceTree = SDKROOT; };
		0176F714141635F400018748 /* BelgianBeer-Info.plist */ = {isa = PBXFileReference; lastKnownFileType = text.plist.xml; path = "BelgianBeer-Info.plist"; sourceTree = "<group>"; };
		0176F716141635F400018748 /* en */ = {isa = PBXFileReference; lastKnownFileType = text.plist.strings; name = en; path = en.lproj/InfoPlist.strings; sourceTree = "<group>"; };
		0176F718141635F400018748 /* main.m */ = {isa = PBXFileReference; lastKnownFileType = sourcecode.c.objc; path = main.m; sourceTree = "<group>"; };
		0176F71A141635F400018748 /* BelgianBeer-Prefix.pch */ = {isa = PBXFileReference; lastKnownFileType = sourcecode.c.h; path = "BelgianBeer-Prefix.pch"; sourceTree = "<group>"; };
		0176F71B141635F400018748 /* BelgianBeerAppDelegate.h */ = {isa = PBXFileReference; lastKnownFileType = sourcecode.c.h; path = BelgianBeerAppDelegate.h; sourceTree = "<group>"; };
		0176F71C141635F400018748 /* BelgianBeerAppDelegate.m */ = {isa = PBXFileReference; lastKnownFileType = sourcecode.c.objc; path = BelgianBeerAppDelegate.m; sourceTree = "<group>"; };
		0176F71F141635F400018748 /* en */ = {isa = PBXFileReference; lastKnownFileType = file.xib; name = en; path = en.lproj/MainWindow.xib; sourceTree = "<group>"; };
		0176F732141635F400018748 /* BelgianBeerTests.octest */ = {isa = PBXFileReference; explicitFileType = wrapper.cfbundle; includeInIndex = 0; path = BelgianBeerTests.octest; sourceTree = BUILT_PRODUCTS_DIR; };
		0176F733141635F400018748 /* SenTestingKit.framework */ = {isa = PBXFileReference; lastKnownFileType = wrapper.framework; name = SenTestingKit.framework; path = Library/Frameworks/SenTestingKit.framework; sourceTree = DEVELOPER_DIR; };
		0176F73C141635F400018748 /* BelgianBeerTests-Info.plist */ = {isa = PBXFileReference; lastKnownFileType = text.plist.xml; path = "BelgianBeerTests-Info.plist"; sourceTree = "<group>"; };
		0176F73E141635F400018748 /* en */ = {isa = PBXFileReference; lastKnownFileType = text.plist.strings; name = en; path = en.lproj/InfoPlist.strings; sourceTree = "<group>"; };
		0176F740141635F500018748 /* BelgianBeerTests.h */ = {isa = PBXFileReference; lastKnownFileType = sourcecode.c.h; path = BelgianBeerTests.h; sourceTree = "<group>"; };
		0176F742141635F500018748 /* BelgianBeerTests.m */ = {isa = PBXFileReference; lastKnownFileType = sourcecode.c.objc; path = BelgianBeerTests.m; sourceTree = "<group>"; };
		0176F7501416372A00018748 /* FavoriteViewController.h */ = {isa = PBXFileReference; fileEncoding = 4; lastKnownFileType = sourcecode.c.h; path = FavoriteViewController.h; sourceTree = "<group>"; };
		0176F7511416372A00018748 /* FavoriteViewController.m */ = {isa = PBXFileReference; fileEncoding = 4; lastKnownFileType = sourcecode.c.objc; path = FavoriteViewController.m; sourceTree = "<group>"; };
		0176F7521416372A00018748 /* FavoriteViewController.xib */ = {isa = PBXFileReference; fileEncoding = 4; lastKnownFileType = file.xib; path = FavoriteViewController.xib; sourceTree = "<group>"; };
		0176F77114163F7400018748 /* MainListNaviController.h */ = {isa = PBXFileReference; fileEncoding = 4; lastKnownFileType = sourcecode.c.h; path = MainListNaviController.h; sourceTree = "<group>"; };
		0176F77214163F7400018748 /* MainListNaviController.m */ = {isa = PBXFileReference; fileEncoding = 4; lastKnownFileType = sourcecode.c.objc; path = MainListNaviController.m; sourceTree = "<group>"; };
		0176F77314163F7400018748 /* MainListNaviController.xib */ = {isa = PBXFileReference; fileEncoding = 4; lastKnownFileType = file.xib; path = MainListNaviController.xib; sourceTree = "<group>"; };
		0176F77614163FC000018748 /* MainListTableController.h */ = {isa = PBXFileReference; fileEncoding = 4; lastKnownFileType = sourcecode.c.h; path = MainListTableController.h; sourceTree = "<group>"; };
		0176F77714163FC000018748 /* MainListTableController.m */ = {isa = PBXFileReference; fileEncoding = 4; lastKnownFileType = sourcecode.c.objc; path = MainListTableController.m; sourceTree = "<group>"; };
		0176F77814163FC000018748 /* MainListTableController.xib */ = {isa = PBXFileReference; fileEncoding = 4; lastKnownFileType = file.xib; path = MainListTableController.xib; sourceTree = "<group>"; };
		0176F7871416472E00018748 /* Beer.db */ = {isa = PBXFileReference; lastKnownFileType = file; name = Beer.db; path = BelgianBeer/Beer.db; sourceTree = "<group>"; };
		0176F789141648D400018748 /* libsqlite3.0.dylib */ = {isa = PBXFileReference; lastKnownFileType = "compiled.mach-o.dylib"; name = libsqlite3.0.dylib; path = usr/lib/libsqlite3.0.dylib; sourceTree = SDKROOT; };
		0176F78C1416491300018748 /* FMDatabase.h */ = {isa = PBXFileReference; fileEncoding = 4; lastKnownFileType = sourcecode.c.h; path = FMDatabase.h; sourceTree = "<group>"; };
		0176F78D1416491300018748 /* FMDatabase.m */ = {isa = PBXFileReference; fileEncoding = 4; lastKnownFileType = sourcecode.c.objc; path = FMDatabase.m; sourceTree = "<group>"; };
		0176F78E1416491300018748 /* FMDatabaseAdditions.h */ = {isa = PBXFileReference; fileEncoding = 4; lastKnownFileType = sourcecode.c.h; path = FMDatabaseAdditions.h; sourceTree = "<group>"; };
		0176F78F1416491300018748 /* FMDatabaseAdditions.m */ = {isa = PBXFileReference; fileEncoding = 4; lastKnownFileType = sourcecode.c.objc; path = FMDatabaseAdditions.m; sourceTree = "<group>"; };
		0176F7901416491300018748 /* FMResultSet.h */ = {isa = PBXFileReference; fileEncoding = 4; lastKnownFileType = sourcecode.c.h; path = FMResultSet.h; sourceTree = "<group>"; };
		0176F7911416491300018748 /* FMResultSet.m */ = {isa = PBXFileReference; fileEncoding = 4; lastKnownFileType = sourcecode.c.objc; path = FMResultSet.m; sourceTree = "<group>"; };
		0176F799141654B200018748 /* BeerCategory.h */ = {isa = PBXFileReference; fileEncoding = 4; lastKnownFileType = sourcecode.c.h; path = BeerCategory.h; sourceTree = "<group>"; };
		0176F79A141654B200018748 /* BeerCategory.m */ = {isa = PBXFileReference; fileEncoding = 4; lastKnownFileType = sourcecode.c.objc; path = BeerCategory.m; sourceTree = "<group>"; };
		0176F7A314178C7700018748 /* Beer.h */ = {isa = PBXFileReference; fileEncoding = 4; lastKnownFileType = sourcecode.c.h; path = Beer.h; sourceTree = "<group>"; };
		0176F7A414178C7700018748 /* Beer.m */ = {isa = PBXFileReference; fileEncoding = 4; lastKnownFileType = sourcecode.c.objc; path = Beer.m; sourceTree = "<group>"; };
		01A26BD1141C475D00A4740D /* DetailTableViewController.h */ = {isa = PBXFileReference; fileEncoding = 4; lastKnownFileType = sourcecode.c.h; path = DetailTableViewController.h; sourceTree = "<group>"; };
		01A26BD2141C475D00A4740D /* DetailTableViewController.m */ = {isa = PBXFileReference; fileEncoding = 4; lastKnownFileType = sourcecode.c.objc; path = DetailTableViewController.m; sourceTree = "<group>"; };
		01A26BD3141C475D00A4740D /* DetailTableViewController.xib */ = {isa = PBXFileReference; fileEncoding = 4; lastKnownFileType = file.xib; path = DetailTableViewController.xib; sourceTree = "<group>"; };
		01B2B1B01428D1B700263745 /* ShareCell.h */ = {isa = PBXFileReference; fileEncoding = 4; lastKnownFileType = sourcecode.c.h; path = ShareCell.h; sourceTree = "<group>"; };
		01B2B1B11428D1B700263745 /* ShareCell.m */ = {isa = PBXFileReference; fileEncoding = 4; lastKnownFileType = sourcecode.c.objc; path = ShareCell.m; sourceTree = "<group>"; };
		01B2B1B31428D31D00263745 /* ShareCell.xib */ = {isa = PBXFileReference; fileEncoding = 4; lastKnownFileType = file.xib; path = ShareCell.xib; sourceTree = "<group>"; };
/* End PBXFileReference section */

/* Begin PBXFrameworksBuildPhase section */
		0176F705141635F400018748 /* Frameworks */ = {
			isa = PBXFrameworksBuildPhase;
			buildActionMask = 2147483647;
			files = (
				0176F78A141648D400018748 /* libsqlite3.0.dylib in Frameworks */,
				0176F70D141635F400018748 /* UIKit.framework in Frameworks */,
				0176F70F141635F400018748 /* Foundation.framework in Frameworks */,
				0176F711141635F400018748 /* CoreGraphics.framework in Frameworks */,
			);
			runOnlyForDeploymentPostprocessing = 0;
		};
		0176F72E141635F400018748 /* Frameworks */ = {
			isa = PBXFrameworksBuildPhase;
			buildActionMask = 2147483647;
			files = (
				0176F734141635F400018748 /* SenTestingKit.framework in Frameworks */,
				0176F735141635F400018748 /* UIKit.framework in Frameworks */,
				0176F736141635F400018748 /* Foundation.framework in Frameworks */,
				0176F737141635F400018748 /* CoreGraphics.framework in Frameworks */,
			);
			runOnlyForDeploymentPostprocessing = 0;
		};
/* End PBXFrameworksBuildPhase section */

/* Begin PBXGroup section */
		010322801441ADBA00D970AE /* HomeView */ = {
			isa = PBXGroup;
			children = (
				010322811441ADE900D970AE /* HomeViewController.h */,
				010322821441ADE900D970AE /* HomeViewController.m */,
				010322831441ADE900D970AE /* HomeViewController.xib */,
			);
			name = HomeView;
			sourceTree = "<group>";
		};
		01723763141B282200C4C690 /* images */ = {
			isa = PBXGroup;
			children = (
				010322671438448600D970AE /* Boon_Oude_Gueuze.png */,
				010322681438448600D970AE /* Cantillon_Grand_Cru_Broucse.png */,
				010322691438448600D970AE /* Cantillon_Lou_Pepe_Gueuze.png */,
				0119873A1426F90C0063A482 /* Default.png */,
				0119873B1426F90C0063A482 /* Icon-72.png */,
				0119873C1426F90C0063A482 /* Icon-Small-50.png */,
				0119873D1426F90C0063A482 /* Icon-Small.png */,
				0119873E1426F90C0063A482 /* Icon-Small@2x.png */,
				0119873F1426F90C0063A482 /* Icon.png */,
				011987401426F90C0063A482 /* Icon@2x.png */,
			);
			path = images;
			sourceTree = "<group>";
		};
		0176F6FD141635F400018748 = {
			isa = PBXGroup;
			children = (
				01723763141B282200C4C690 /* images */,
				0176F7871416472E00018748 /* Beer.db */,
				0103227E1441AC7600D970AE /* DB設計 */,
				0176F712141635F400018748 /* BelgianBeer */,
				0176F73A141635F400018748 /* BelgianBeerTests */,
				0176F70B141635F400018748 /* Frameworks */,
				0176F709141635F400018748 /* Products */,
			);
			sourceTree = "<group>";
		};
		0176F709141635F400018748 /* Products */ = {
			isa = PBXGroup;
			children = (
				0176F708141635F400018748 /* BelgianBeer.app */,
				0176F732141635F400018748 /* BelgianBeerTests.octest */,
			);
			name = Products;
			sourceTree = "<group>";
		};
		0176F70B141635F400018748 /* Frameworks */ = {
			isa = PBXGroup;
			children = (
				0176F789141648D400018748 /* libsqlite3.0.dylib */,
				0176F70C141635F400018748 /* UIKit.framework */,
				0176F70E141635F400018748 /* Foundation.framework */,
				0176F710141635F400018748 /* CoreGraphics.framework */,
				0176F733141635F400018748 /* SenTestingKit.framework */,
			);
			name = Frameworks;
			sourceTree = "<group>";
		};
		0176F712141635F400018748 /* BelgianBeer */ = {
			isa = PBXGroup;
			children = (
				0176F79D1416584B00018748 /* View */,
				0176F79C1416583500018748 /* Entity */,
				0176F71B141635F400018748 /* BelgianBeerAppDelegate.h */,
				0176F71C141635F400018748 /* BelgianBeerAppDelegate.m */,
				0176F71E141635F400018748 /* MainWindow.xib */,
				0176F78B141648EC00018748 /* lib */,
				0176F713141635F400018748 /* Supporting Files */,
			);
			path = BelgianBeer;
			sourceTree = "<group>";
		};
		0176F713141635F400018748 /* Supporting Files */ = {
			isa = PBXGroup;
			children = (
				0176F714141635F400018748 /* BelgianBeer-Info.plist */,
				0176F715141635F400018748 /* InfoPlist.strings */,
				0176F718141635F400018748 /* main.m */,
				0176F71A141635F400018748 /* BelgianBeer-Prefix.pch */,
			);
			name = "Supporting Files";
			sourceTree = "<group>";
		};
		0176F73A141635F400018748 /* BelgianBeerTests */ = {
			isa = PBXGroup;
			children = (
				0176F740141635F500018748 /* BelgianBeerTests.h */,
				0176F742141635F500018748 /* BelgianBeerTests.m */,
				0176F73B141635F400018748 /* Supporting Files */,
			);
			path = BelgianBeerTests;
			sourceTree = "<group>";
		};
		0176F73B141635F400018748 /* Supporting Files */ = {
			isa = PBXGroup;
			children = (
				0176F73C141635F400018748 /* BelgianBeerTests-Info.plist */,
				0176F73D141635F400018748 /* InfoPlist.strings */,
			);
			name = "Supporting Files";
			sourceTree = "<group>";
		};
		0176F780141641F800018748 /* DetailView */ = {
			isa = PBXGroup;
			children = (
				01A26BD1141C475D00A4740D /* DetailTableViewController.h */,
				01A26BD2141C475D00A4740D /* DetailTableViewController.m */,
				01A26BD3141C475D00A4740D /* DetailTableViewController.xib */,
				0103227914388DCF00D970AE /* DetailBeerCell.h */,
				0103227A14388DD000D970AE /* DetailBeerCell.m */,
				0103227C14388DEE00D970AE /* DetailBeerCell.xib */,
				01B2B1B01428D1B700263745 /* ShareCell.h */,
				01B2B1B11428D1B700263745 /* ShareCell.m */,
				01B2B1B31428D31D00263745 /* ShareCell.xib */,
			);
			name = DetailView;
			sourceTree = "<group>";
		};
		0176F7811416421500018748 /* MainListView */ = {
			isa = PBXGroup;
			children = (
				0176F780141641F800018748 /* DetailView */,
				0176F77114163F7400018748 /* MainListNaviController.h */,
				0176F77214163F7400018748 /* MainListNaviController.m */,
				0176F77314163F7400018748 /* MainListNaviController.xib */,
				0176F77614163FC000018748 /* MainListTableController.h */,
				0176F77714163FC000018748 /* MainListTableController.m */,
				0176F77814163FC000018748 /* MainListTableController.xib */,
				01032264143833A100D970AE /* BeerCell.h */,
				01032265143833A200D970AE /* BeerCell.m */,
				010322621438302400D970AE /* BeerCell.xib */,
			);
			name = MainListView;
			sourceTree = "<group>";
		};
		0176F78B141648EC00018748 /* lib */ = {
			isa = PBXGroup;
			children = (
				0176F78C1416491300018748 /* FMDatabase.h */,
				0176F78D1416491300018748 /* FMDatabase.m */,
				0176F78E1416491300018748 /* FMDatabaseAdditions.h */,
				0176F78F1416491300018748 /* FMDatabaseAdditions.m */,
				0176F7901416491300018748 /* FMResultSet.h */,
				0176F7911416491300018748 /* FMResultSet.m */,
			);
			name = lib;
			sourceTree = "<group>";
		};
		0176F79C1416583500018748 /* Entity */ = {
			isa = PBXGroup;
			children = (
				0176F7A314178C7700018748 /* Beer.h */,
				0176F7A414178C7700018748 /* Beer.m */,
				0176F799141654B200018748 /* BeerCategory.h */,
				0176F79A141654B200018748 /* BeerCategory.m */,
			);
			name = Entity;
			sourceTree = "<group>";
		};
		0176F79D1416584B00018748 /* View */ = {
			isa = PBXGroup;
			children = (
				010322801441ADBA00D970AE /* HomeView */,
				0176F79E1416586F00018748 /* FavoriteView */,
				0176F7811416421500018748 /* MainListView */,
			);
			name = View;
			sourceTree = "<group>";
		};
		0176F79E1416586F00018748 /* FavoriteView */ = {
			isa = PBXGroup;
			children = (
				0176F7501416372A00018748 /* FavoriteViewController.h */,
				0176F7511416372A00018748 /* FavoriteViewController.m */,
				0176F7521416372A00018748 /* FavoriteViewController.xib */,
			);
			name = FavoriteView;
			sourceTree = "<group>";
		};
/* End PBXGroup section */

/* Begin PBXNativeTarget section */
		0176F707141635F400018748 /* BelgianBeer */ = {
			isa = PBXNativeTarget;
			buildConfigurationList = 0176F746141635F500018748 /* Build configuration list for PBXNativeTarget "BelgianBeer" */;
			buildPhases = (
				0176F704141635F400018748 /* Sources */,
				0176F705141635F400018748 /* Frameworks */,
				0176F706141635F400018748 /* Resources */,
			);
			buildRules = (
			);
			dependencies = (
			);
			name = BelgianBeer;
			productName = BelgianBeer;
			productReference = 0176F708141635F400018748 /* BelgianBeer.app */;
			productType = "com.apple.product-type.application";
		};
		0176F731141635F400018748 /* BelgianBeerTests */ = {
			isa = PBXNativeTarget;
			buildConfigurationList = 0176F749141635F500018748 /* Build configuration list for PBXNativeTarget "BelgianBeerTests" */;
			buildPhases = (
				0176F72D141635F400018748 /* Sources */,
				0176F72E141635F400018748 /* Frameworks */,
				0176F72F141635F400018748 /* Resources */,
				0176F730141635F400018748 /* ShellScript */,
			);
			buildRules = (
			);
			dependencies = (
				0176F739141635F400018748 /* PBXTargetDependency */,
			);
			name = BelgianBeerTests;
			productName = BelgianBeerTests;
			productReference = 0176F732141635F400018748 /* BelgianBeerTests.octest */;
			productType = "com.apple.product-type.bundle";
		};
/* End PBXNativeTarget section */

/* Begin PBXProject section */
		0176F6FF141635F400018748 /* Project object */ = {
			isa = PBXProject;
			buildConfigurationList = 0176F702141635F400018748 /* Build configuration list for PBXProject "BelgianBeer" */;
			compatibilityVersion = "Xcode 3.2";
			developmentRegion = English;
			hasScannedForEncodings = 0;
			knownRegions = (
				en,
			);
			mainGroup = 0176F6FD141635F400018748;
			productRefGroup = 0176F709141635F400018748 /* Products */;
			projectDirPath = "";
			projectRoot = "";
			targets = (
				0176F707141635F400018748 /* BelgianBeer */,
				0176F731141635F400018748 /* BelgianBeerTests */,
			);
		};
/* End PBXProject section */

/* Begin PBXResourcesBuildPhase section */
		0176F706141635F400018748 /* Resources */ = {
			isa = PBXResourcesBuildPhase;
			buildActionMask = 2147483647;
			files = (
				0176F717141635F400018748 /* InfoPlist.strings in Resources */,
				0176F720141635F400018748 /* MainWindow.xib in Resources */,
				0176F7541416372A00018748 /* FavoriteViewController.xib in Resources */,
				0176F77514163F7400018748 /* MainListNaviController.xib in Resources */,
				0176F77A14163FC000018748 /* MainListTableController.xib in Resources */,
				0176F7881416472E00018748 /* Beer.db in Resources */,
				01A26BD5141C475D00A4740D /* DetailTableViewController.xib in Resources */,
				011987411426F90C0063A482 /* Default.png in Resources */,
				011987421426F90C0063A482 /* Icon-72.png in Resources */,
				011987431426F90C0063A482 /* Icon-Small-50.png in Resources */,
				011987441426F90C0063A482 /* Icon-Small.png in Resources */,
				011987451426F90C0063A482 /* Icon-Small@2x.png in Resources */,
				011987461426F90C0063A482 /* Icon.png in Resources */,
				011987471426F90C0063A482 /* Icon@2x.png in Resources */,
				01B2B1B41428D31D00263745 /* ShareCell.xib in Resources */,
				010322631438302400D970AE /* BeerCell.xib in Resources */,
				0103226A1438448600D970AE /* Boon_Oude_Gueuze.png in Resources */,
				0103226B1438448600D970AE /* Cantillon_Grand_Cru_Broucse.png in Resources */,
				0103226C1438448600D970AE /* Cantillon_Lou_Pepe_Gueuze.png in Resources */,
				0103227D14388DEE00D970AE /* DetailBeerCell.xib in Resources */,
				0103227F1441AC7600D970AE /* DB設計 in Resources */,
				010322851441ADE900D970AE /* HomeViewController.xib in Resources */,
			);
			runOnlyForDeploymentPostprocessing = 0;
		};
		0176F72F141635F400018748 /* Resources */ = {
			isa = PBXResourcesBuildPhase;
			buildActionMask = 2147483647;
			files = (
				0176F73F141635F400018748 /* InfoPlist.strings in Resources */,
				0176F741141635F500018748 /* BelgianBeerTests.h in Resources */,
			);
			runOnlyForDeploymentPostprocessing = 0;
		};
/* End PBXResourcesBuildPhase section */

/* Begin PBXShellScriptBuildPhase section */
		0176F730141635F400018748 /* ShellScript */ = {
			isa = PBXShellScriptBuildPhase;
			buildActionMask = 2147483647;
			files = (
			);
			inputPaths = (
			);
			outputPaths = (
			);
			runOnlyForDeploymentPostprocessing = 0;
			shellPath = /bin/sh;
			shellScript = "# Run the unit tests in this test bundle.\n\"${SYSTEM_DEVELOPER_DIR}/Tools/RunUnitTests\"\n";
		};
/* End PBXShellScriptBuildPhase section */

/* Begin PBXSourcesBuildPhase section */
		0176F704141635F400018748 /* Sources */ = {
			isa = PBXSourcesBuildPhase;
			buildActionMask = 2147483647;
			files = (
				0176F719141635F400018748 /* main.m in Sources */,
				0176F71D141635F400018748 /* BelgianBeerAppDelegate.m in Sources */,
				0176F7531416372A00018748 /* FavoriteViewController.m in Sources */,
				0176F77414163F7400018748 /* MainListNaviController.m in Sources */,
				0176F77914163FC000018748 /* MainListTableController.m in Sources */,
				0176F7921416491300018748 /* FMDatabase.m in Sources */,
				0176F7931416491300018748 /* FMDatabaseAdditions.m in Sources */,
				0176F7941416491300018748 /* FMResultSet.m in Sources */,
				0176F79B141654B200018748 /* BeerCategory.m in Sources */,
				0176F7A514178C7700018748 /* Beer.m in Sources */,
				01A26BD4141C475D00A4740D /* DetailTableViewController.m in Sources */,
				01B2B1B21428D1B700263745 /* ShareCell.m in Sources */,
				01032266143833A200D970AE /* BeerCell.m in Sources */,
				0103227B14388DD000D970AE /* DetailBeerCell.m in Sources */,
				010322841441ADE900D970AE /* HomeViewController.m in Sources */,
			);
			runOnlyForDeploymentPostprocessing = 0;
		};
		0176F72D141635F400018748 /* Sources */ = {
			isa = PBXSourcesBuildPhase;
			buildActionMask = 2147483647;
			files = (
				0176F743141635F500018748 /* BelgianBeerTests.m in Sources */,
			);
			runOnlyForDeploymentPostprocessing = 0;
		};
/* End PBXSourcesBuildPhase section */

/* Begin PBXTargetDependency section */
		0176F739141635F400018748 /* PBXTargetDependency */ = {
			isa = PBXTargetDependency;
			target = 0176F707141635F400018748 /* BelgianBeer */;
			targetProxy = 0176F738141635F400018748 /* PBXContainerItemProxy */;
		};
/* End PBXTargetDependency section */

/* Begin PBXVariantGroup section */
		0176F715141635F400018748 /* InfoPlist.strings */ = {
			isa = PBXVariantGroup;
			children = (
				0176F716141635F400018748 /* en */,
			);
			name = InfoPlist.strings;
			sourceTree = "<group>";
		};
		0176F71E141635F400018748 /* MainWindow.xib */ = {
			isa = PBXVariantGroup;
			children = (
				0176F71F141635F400018748 /* en */,
			);
			name = MainWindow.xib;
			sourceTree = "<group>";
		};
		0176F73D141635F400018748 /* InfoPlist.strings */ = {
			isa = PBXVariantGroup;
			children = (
				0176F73E141635F400018748 /* en */,
			);
			name = InfoPlist.strings;
			sourceTree = "<group>";
		};
/* End PBXVariantGroup section */

/* Begin XCBuildConfiguration section */
		0176F744141635F500018748 /* Debug */ = {
			isa = XCBuildConfiguration;
			buildSettings = {
				ALWAYS_SEARCH_USER_PATHS = NO;
				ARCHS = "$(ARCHS_STANDARD_32_BIT)";
				"CODE_SIGN_IDENTITY[sdk=iphoneos*]" = "iPhone Developer";
				COPY_PHASE_STRIP = NO;
				GCC_C_LANGUAGE_STANDARD = gnu99;
				GCC_DYNAMIC_NO_PIC = NO;
				GCC_OPTIMIZATION_LEVEL = 0;
				GCC_PREPROCESSOR_DEFINITIONS = (
					"DEBUG=1",
					"$(inherited)",
				);
				GCC_SYMBOLS_PRIVATE_EXTERN = NO;
				GCC_VERSION = com.apple.compilers.llvmgcc42;
				GCC_WARN_ABOUT_MISSING_PROTOTYPES = YES;
				GCC_WARN_ABOUT_RETURN_TYPE = YES;
				GCC_WARN_UNUSED_VARIABLE = YES;
				IPHONEOS_DEPLOYMENT_TARGET = 4.3;
				SDKROOT = iphoneos;
			};
			name = Debug;
		};
		0176F745141635F500018748 /* Release */ = {
			isa = XCBuildConfiguration;
			buildSettings = {
				ALWAYS_SEARCH_USER_PATHS = NO;
				ARCHS = "$(ARCHS_STANDARD_32_BIT)";
				"CODE_SIGN_IDENTITY[sdk=iphoneos*]" = "iPhone Developer";
				COPY_PHASE_STRIP = YES;
				GCC_C_LANGUAGE_STANDARD = gnu99;
				GCC_VERSION = com.apple.compilers.llvmgcc42;
				GCC_WARN_ABOUT_MISSING_PROTOTYPES = YES;
				GCC_WARN_ABOUT_RETURN_TYPE = YES;
				GCC_WARN_UNUSED_VARIABLE = YES;
				IPHONEOS_DEPLOYMENT_TARGET = 4.3;
				OTHER_CFLAGS = "-DNS_BLOCK_ASSERTIONS=1";
				SDKROOT = iphoneos;
				VALIDATE_PRODUCT = YES;
			};
			name = Release;
		};
		0176F747141635F500018748 /* Debug */ = {
			isa = XCBuildConfiguration;
			buildSettings = {
				GCC_PRECOMPILE_PREFIX_HEADER = YES;
				GCC_PREFIX_HEADER = "BelgianBeer/BelgianBeer-Prefix.pch";
				INFOPLIST_FILE = "BelgianBeer/BelgianBeer-Info.plist";
				PRODUCT_NAME = "$(TARGET_NAME)";
				WRAPPER_EXTENSION = app;
			};
			name = Debug;
		};
		0176F748141635F500018748 /* Release */ = {
			isa = XCBuildConfiguration;
			buildSettings = {
				GCC_PRECOMPILE_PREFIX_HEADER = YES;
				GCC_PREFIX_HEADER = "BelgianBeer/BelgianBeer-Prefix.pch";
				INFOPLIST_FILE = "BelgianBeer/BelgianBeer-Info.plist";
				PRODUCT_NAME = "$(TARGET_NAME)";
				WRAPPER_EXTENSION = app;
			};
			name = Release;
		};
		0176F74A141635F500018748 /* Debug */ = {
			isa = XCBuildConfiguration;
			buildSettings = {
				BUNDLE_LOADER = "$(BUILT_PRODUCTS_DIR)/BelgianBeer.app/BelgianBeer";
				FRAMEWORK_SEARCH_PATHS = (
					"$(SDKROOT)/Developer/Library/Frameworks",
					"$(DEVELOPER_LIBRARY_DIR)/Frameworks",
				);
				GCC_PRECOMPILE_PREFIX_HEADER = YES;
				GCC_PREFIX_HEADER = "BelgianBeer/BelgianBeer-Prefix.pch";
				INFOPLIST_FILE = "BelgianBeerTests/BelgianBeerTests-Info.plist";
				PRODUCT_NAME = "$(TARGET_NAME)";
				TEST_HOST = "$(BUNDLE_LOADER)";
				WRAPPER_EXTENSION = octest;
			};
			name = Debug;
		};
		0176F74B141635F500018748 /* Release */ = {
			isa = XCBuildConfiguration;
			buildSettings = {
				BUNDLE_LOADER = "$(BUILT_PRODUCTS_DIR)/BelgianBeer.app/BelgianBeer";
				FRAMEWORK_SEARCH_PATHS = (
					"$(SDKROOT)/Developer/Library/Frameworks",
					"$(DEVELOPER_LIBRARY_DIR)/Frameworks",
				);
				GCC_PRECOMPILE_PREFIX_HEADER = YES;
				GCC_PREFIX_HEADER = "BelgianBeer/BelgianBeer-Prefix.pch";
				INFOPLIST_FILE = "BelgianBeerTests/BelgianBeerTests-Info.plist";
				PRODUCT_NAME = "$(TARGET_NAME)";
				TEST_HOST = "$(BUNDLE_LOADER)";
				WRAPPER_EXTENSION = octest;
			};
			name = Release;
		};
/* End XCBuildConfiguration section */

/* Begin XCConfigurationList section */
		0176F702141635F400018748 /* Build configuration list for PBXProject "BelgianBeer" */ = {
			isa = XCConfigurationList;
			buildConfigurations = (
				0176F744141635F500018748 /* Debug */,
				0176F745141635F500018748 /* Release */,
			);
			defaultConfigurationIsVisible = 0;
			defaultConfigurationName = Release;
		};
		0176F746141635F500018748 /* Build configuration list for PBXNativeTarget "BelgianBeer" */ = {
			isa = XCConfigurationList;
			buildConfigurations = (
				0176F747141635F500018748 /* Debug */,
				0176F748141635F500018748 /* Release */,
			);
			defaultConfigurationIsVisible = 0;
			defaultConfigurationName = Release;
		};
		0176F749141635F500018748 /* Build configuration list for PBXNativeTarget "BelgianBeerTests" */ = {
			isa = XCConfigurationList;
			buildConfigurations = (
				0176F74A141635F500018748 /* Debug */,
				0176F74B141635F500018748 /* Release */,
			);
			defaultConfigurationIsVisible = 0;
			defaultConfigurationName = Release;
		};
/* End XCConfigurationList section */
	};
	rootObject = 0176F6FF141635F400018748 /* Project object */;
}
