// !$*UTF8*$!
{
	archiveVersion = 1;
	classes = {
	};
	objectVersion = 46;
	objects = {

/* Begin PBXBuildFile section */
		0121B5B314130A1300982E4A /* UIKit.framework in Frameworks */ = {isa = PBXBuildFile; fileRef = 0121B5B214130A1300982E4A /* UIKit.framework */; };
		0121B5B514130A1300982E4A /* Foundation.framework in Frameworks */ = {isa = PBXBuildFile; fileRef = 0121B5B414130A1300982E4A /* Foundation.framework */; };
		0121B5B714130A1300982E4A /* CoreGraphics.framework in Frameworks */ = {isa = PBXBuildFile; fileRef = 0121B5B614130A1300982E4A /* CoreGraphics.framework */; };
		0121B5BD14130A1300982E4A /* InfoPlist.strings in Resources */ = {isa = PBXBuildFile; fileRef = 0121B5BB14130A1300982E4A /* InfoPlist.strings */; };
		0121B5BF14130A1300982E4A /* main.m in Sources */ = {isa = PBXBuildFile; fileRef = 0121B5BE14130A1300982E4A /* main.m */; };
		0121B5C314130A1300982E4A /* TabBarSampleAppDelegate.m in Sources */ = {isa = PBXBuildFile; fileRef = 0121B5C214130A1300982E4A /* TabBarSampleAppDelegate.m */; };
		0121B5C614130A1300982E4A /* MainWindow.xib in Resources */ = {isa = PBXBuildFile; fileRef = 0121B5C414130A1300982E4A /* MainWindow.xib */; };
		0121B5DA14130A1300982E4A /* SenTestingKit.framework in Frameworks */ = {isa = PBXBuildFile; fileRef = 0121B5D914130A1300982E4A /* SenTestingKit.framework */; };
		0121B5DB14130A1300982E4A /* UIKit.framework in Frameworks */ = {isa = PBXBuildFile; fileRef = 0121B5B214130A1300982E4A /* UIKit.framework */; };
		0121B5DC14130A1300982E4A /* Foundation.framework in Frameworks */ = {isa = PBXBuildFile; fileRef = 0121B5B414130A1300982E4A /* Foundation.framework */; };
		0121B5DD14130A1300982E4A /* CoreGraphics.framework in Frameworks */ = {isa = PBXBuildFile; fileRef = 0121B5B614130A1300982E4A /* CoreGraphics.framework */; };
		0121B5E514130A1300982E4A /* InfoPlist.strings in Resources */ = {isa = PBXBuildFile; fileRef = 0121B5E314130A1300982E4A /* InfoPlist.strings */; };
		0121B5E714130A1300982E4A /* TabBarSampleTests.h in Resources */ = {isa = PBXBuildFile; fileRef = 0121B5E614130A1300982E4A /* TabBarSampleTests.h */; };
		0121B5E914130A1300982E4A /* TabBarSampleTests.m in Sources */ = {isa = PBXBuildFile; fileRef = 0121B5E814130A1300982E4A /* TabBarSampleTests.m */; };
		0121B5FE1413107100982E4A /* SeachViewController.m in Sources */ = {isa = PBXBuildFile; fileRef = 0121B5FC1413107100982E4A /* SeachViewController.m */; };
		0121B5FF1413107100982E4A /* SeachViewController.xib in Resources */ = {isa = PBXBuildFile; fileRef = 0121B5FD1413107100982E4A /* SeachViewController.xib */; };
		0121B604141311B900982E4A /* MainNaviController.m in Sources */ = {isa = PBXBuildFile; fileRef = 0121B602141311B800982E4A /* MainNaviController.m */; };
		0121B605141311B900982E4A /* MainNaviController.xib in Resources */ = {isa = PBXBuildFile; fileRef = 0121B603141311B800982E4A /* MainNaviController.xib */; };
		0121B6091413129100982E4A /* ContentsTableController.m in Sources */ = {isa = PBXBuildFile; fileRef = 0121B6071413129100982E4A /* ContentsTableController.m */; };
		0121B60A1413129100982E4A /* ContentsTableController.xib in Resources */ = {isa = PBXBuildFile; fileRef = 0121B6081413129100982E4A /* ContentsTableController.xib */; };
/* End PBXBuildFile section */

/* Begin PBXContainerItemProxy section */
		0121B5DE14130A1300982E4A /* PBXContainerItemProxy */ = {
			isa = PBXContainerItemProxy;
			containerPortal = 0121B5A514130A1300982E4A /* Project object */;
			proxyType = 1;
			remoteGlobalIDString = 0121B5AD14130A1300982E4A;
			remoteInfo = TabBarSample;
		};
/* End PBXContainerItemProxy section */

/* Begin PBXFileReference section */
		0121B5AE14130A1300982E4A /* TabBarSample.app */ = {isa = PBXFileReference; explicitFileType = wrapper.application; includeInIndex = 0; path = TabBarSample.app; sourceTree = BUILT_PRODUCTS_DIR; };
		0121B5B214130A1300982E4A /* UIKit.framework */ = {isa = PBXFileReference; lastKnownFileType = wrapper.framework; name = UIKit.framework; path = System/Library/Frameworks/UIKit.framework; sourceTree = SDKROOT; };
		0121B5B414130A1300982E4A /* Foundation.framework */ = {isa = PBXFileReference; lastKnownFileType = wrapper.framework; name = Foundation.framework; path = System/Library/Frameworks/Foundation.framework; sourceTree = SDKROOT; };
		0121B5B614130A1300982E4A /* CoreGraphics.framework */ = {isa = PBXFileReference; lastKnownFileType = wrapper.framework; name = CoreGraphics.framework; path = System/Library/Frameworks/CoreGraphics.framework; sourceTree = SDKROOT; };
		0121B5BA14130A1300982E4A /* TabBarSample-Info.plist */ = {isa = PBXFileReference; lastKnownFileType = text.plist.xml; path = "TabBarSample-Info.plist"; sourceTree = "<group>"; };
		0121B5BC14130A1300982E4A /* en */ = {isa = PBXFileReference; lastKnownFileType = text.plist.strings; name = en; path = en.lproj/InfoPlist.strings; sourceTree = "<group>"; };
		0121B5BE14130A1300982E4A /* main.m */ = {isa = PBXFileReference; lastKnownFileType = sourcecode.c.objc; path = main.m; sourceTree = "<group>"; };
		0121B5C014130A1300982E4A /* TabBarSample-Prefix.pch */ = {isa = PBXFileReference; lastKnownFileType = sourcecode.c.h; path = "TabBarSample-Prefix.pch"; sourceTree = "<group>"; };
		0121B5C114130A1300982E4A /* TabBarSampleAppDelegate.h */ = {isa = PBXFileReference; lastKnownFileType = sourcecode.c.h; path = TabBarSampleAppDelegate.h; sourceTree = "<group>"; };
		0121B5C214130A1300982E4A /* TabBarSampleAppDelegate.m */ = {isa = PBXFileReference; lastKnownFileType = sourcecode.c.objc; path = TabBarSampleAppDelegate.m; sourceTree = "<group>"; };
		0121B5C514130A1300982E4A /* en */ = {isa = PBXFileReference; lastKnownFileType = file.xib; name = en; path = en.lproj/MainWindow.xib; sourceTree = "<group>"; };
		0121B5D814130A1300982E4A /* TabBarSampleTests.octest */ = {isa = PBXFileReference; explicitFileType = wrapper.cfbundle; includeInIndex = 0; path = TabBarSampleTests.octest; sourceTree = BUILT_PRODUCTS_DIR; };
		0121B5D914130A1300982E4A /* SenTestingKit.framework */ = {isa = PBXFileReference; lastKnownFileType = wrapper.framework; name = SenTestingKit.framework; path = Library/Frameworks/SenTestingKit.framework; sourceTree = DEVELOPER_DIR; };
		0121B5E214130A1300982E4A /* TabBarSampleTests-Info.plist */ = {isa = PBXFileReference; lastKnownFileType = text.plist.xml; path = "TabBarSampleTests-Info.plist"; sourceTree = "<group>"; };
		0121B5E414130A1300982E4A /* en */ = {isa = PBXFileReference; lastKnownFileType = text.plist.strings; name = en; path = en.lproj/InfoPlist.strings; sourceTree = "<group>"; };
		0121B5E614130A1300982E4A /* TabBarSampleTests.h */ = {isa = PBXFileReference; lastKnownFileType = sourcecode.c.h; path = TabBarSampleTests.h; sourceTree = "<group>"; };
		0121B5E814130A1300982E4A /* TabBarSampleTests.m */ = {isa = PBXFileReference; lastKnownFileType = sourcecode.c.objc; path = TabBarSampleTests.m; sourceTree = "<group>"; };
		0121B5FB1413107100982E4A /* SeachViewController.h */ = {isa = PBXFileReference; fileEncoding = 4; lastKnownFileType = sourcecode.c.h; path = SeachViewController.h; sourceTree = "<group>"; };
		0121B5FC1413107100982E4A /* SeachViewController.m */ = {isa = PBXFileReference; fileEncoding = 4; lastKnownFileType = sourcecode.c.objc; path = SeachViewController.m; sourceTree = "<group>"; };
		0121B5FD1413107100982E4A /* SeachViewController.xib */ = {isa = PBXFileReference; fileEncoding = 4; lastKnownFileType = file.xib; path = SeachViewController.xib; sourceTree = "<group>"; };
		0121B601141311B800982E4A /* MainNaviController.h */ = {isa = PBXFileReference; fileEncoding = 4; lastKnownFileType = sourcecode.c.h; path = MainNaviController.h; sourceTree = "<group>"; };
		0121B602141311B800982E4A /* MainNaviController.m */ = {isa = PBXFileReference; fileEncoding = 4; lastKnownFileType = sourcecode.c.objc; path = MainNaviController.m; sourceTree = "<group>"; };
		0121B603141311B800982E4A /* MainNaviController.xib */ = {isa = PBXFileReference; fileEncoding = 4; lastKnownFileType = file.xib; path = MainNaviController.xib; sourceTree = "<group>"; };
		0121B6061413129100982E4A /* ContentsTableController.h */ = {isa = PBXFileReference; fileEncoding = 4; lastKnownFileType = sourcecode.c.h; path = ContentsTableController.h; sourceTree = "<group>"; };
		0121B6071413129100982E4A /* ContentsTableController.m */ = {isa = PBXFileReference; fileEncoding = 4; lastKnownFileType = sourcecode.c.objc; path = ContentsTableController.m; sourceTree = "<group>"; };
		0121B6081413129100982E4A /* ContentsTableController.xib */ = {isa = PBXFileReference; fileEncoding = 4; lastKnownFileType = file.xib; path = ContentsTableController.xib; sourceTree = "<group>"; };
/* End PBXFileReference section */

/* Begin PBXFrameworksBuildPhase section */
		0121B5AB14130A1300982E4A /* Frameworks */ = {
			isa = PBXFrameworksBuildPhase;
			buildActionMask = 2147483647;
			files = (
				0121B5B314130A1300982E4A /* UIKit.framework in Frameworks */,
				0121B5B514130A1300982E4A /* Foundation.framework in Frameworks */,
				0121B5B714130A1300982E4A /* CoreGraphics.framework in Frameworks */,
			);
			runOnlyForDeploymentPostprocessing = 0;
		};
		0121B5D414130A1300982E4A /* Frameworks */ = {
			isa = PBXFrameworksBuildPhase;
			buildActionMask = 2147483647;
			files = (
				0121B5DA14130A1300982E4A /* SenTestingKit.framework in Frameworks */,
				0121B5DB14130A1300982E4A /* UIKit.framework in Frameworks */,
				0121B5DC14130A1300982E4A /* Foundation.framework in Frameworks */,
				0121B5DD14130A1300982E4A /* CoreGraphics.framework in Frameworks */,
			);
			runOnlyForDeploymentPostprocessing = 0;
		};
/* End PBXFrameworksBuildPhase section */

/* Begin PBXGroup section */
		0121B5A314130A1300982E4A = {
			isa = PBXGroup;
			children = (
				0121B5B814130A1300982E4A /* TabBarSample */,
				0121B5E014130A1300982E4A /* TabBarSampleTests */,
				0121B5B114130A1300982E4A /* Frameworks */,
				0121B5AF14130A1300982E4A /* Products */,
			);
			sourceTree = "<group>";
		};
		0121B5AF14130A1300982E4A /* Products */ = {
			isa = PBXGroup;
			children = (
				0121B5AE14130A1300982E4A /* TabBarSample.app */,
				0121B5D814130A1300982E4A /* TabBarSampleTests.octest */,
			);
			name = Products;
			sourceTree = "<group>";
		};
		0121B5B114130A1300982E4A /* Frameworks */ = {
			isa = PBXGroup;
			children = (
				0121B5B214130A1300982E4A /* UIKit.framework */,
				0121B5B414130A1300982E4A /* Foundation.framework */,
				0121B5B614130A1300982E4A /* CoreGraphics.framework */,
				0121B5D914130A1300982E4A /* SenTestingKit.framework */,
			);
			name = Frameworks;
			sourceTree = "<group>";
		};
		0121B5B814130A1300982E4A /* TabBarSample */ = {
			isa = PBXGroup;
			children = (
				0121B5C114130A1300982E4A /* TabBarSampleAppDelegate.h */,
				0121B5C214130A1300982E4A /* TabBarSampleAppDelegate.m */,
				0121B5C414130A1300982E4A /* MainWindow.xib */,
				0121B601141311B800982E4A /* MainNaviController.h */,
				0121B602141311B800982E4A /* MainNaviController.m */,
				0121B603141311B800982E4A /* MainNaviController.xib */,
				0121B6061413129100982E4A /* ContentsTableController.h */,
				0121B6071413129100982E4A /* ContentsTableController.m */,
				0121B6081413129100982E4A /* ContentsTableController.xib */,
				0121B5FB1413107100982E4A /* SeachViewController.h */,
				0121B5FC1413107100982E4A /* SeachViewController.m */,
				0121B5FD1413107100982E4A /* SeachViewController.xib */,
				0121B5B914130A1300982E4A /* Supporting Files */,
			);
			path = TabBarSample;
			sourceTree = "<group>";
		};
		0121B5B914130A1300982E4A /* Supporting Files */ = {
			isa = PBXGroup;
			children = (
				0121B5BA14130A1300982E4A /* TabBarSample-Info.plist */,
				0121B5BB14130A1300982E4A /* InfoPlist.strings */,
				0121B5BE14130A1300982E4A /* main.m */,
				0121B5C014130A1300982E4A /* TabBarSample-Prefix.pch */,
			);
			name = "Supporting Files";
			sourceTree = "<group>";
		};
		0121B5E014130A1300982E4A /* TabBarSampleTests */ = {
			isa = PBXGroup;
			children = (
				0121B5E614130A1300982E4A /* TabBarSampleTests.h */,
				0121B5E814130A1300982E4A /* TabBarSampleTests.m */,
				0121B5E114130A1300982E4A /* Supporting Files */,
			);
			path = TabBarSampleTests;
			sourceTree = "<group>";
		};
		0121B5E114130A1300982E4A /* Supporting Files */ = {
			isa = PBXGroup;
			children = (
				0121B5E214130A1300982E4A /* TabBarSampleTests-Info.plist */,
				0121B5E314130A1300982E4A /* InfoPlist.strings */,
			);
			name = "Supporting Files";
			sourceTree = "<group>";
		};
/* End PBXGroup section */

/* Begin PBXNativeTarget section */
		0121B5AD14130A1300982E4A /* TabBarSample */ = {
			isa = PBXNativeTarget;
			buildConfigurationList = 0121B5EC14130A1300982E4A /* Build configuration list for PBXNativeTarget "TabBarSample" */;
			buildPhases = (
				0121B5AA14130A1300982E4A /* Sources */,
				0121B5AB14130A1300982E4A /* Frameworks */,
				0121B5AC14130A1300982E4A /* Resources */,
			);
			buildRules = (
			);
			dependencies = (
			);
			name = TabBarSample;
			productName = TabBarSample;
			productReference = 0121B5AE14130A1300982E4A /* TabBarSample.app */;
			productType = "com.apple.product-type.application";
		};
		0121B5D714130A1300982E4A /* TabBarSampleTests */ = {
			isa = PBXNativeTarget;
			buildConfigurationList = 0121B5EF14130A1300982E4A /* Build configuration list for PBXNativeTarget "TabBarSampleTests" */;
			buildPhases = (
				0121B5D314130A1300982E4A /* Sources */,
				0121B5D414130A1300982E4A /* Frameworks */,
				0121B5D514130A1300982E4A /* Resources */,
				0121B5D614130A1300982E4A /* ShellScript */,
			);
			buildRules = (
			);
			dependencies = (
				0121B5DF14130A1300982E4A /* PBXTargetDependency */,
			);
			name = TabBarSampleTests;
			productName = TabBarSampleTests;
			productReference = 0121B5D814130A1300982E4A /* TabBarSampleTests.octest */;
			productType = "com.apple.product-type.bundle";
		};
/* End PBXNativeTarget section */

/* Begin PBXProject section */
		0121B5A514130A1300982E4A /* Project object */ = {
			isa = PBXProject;
			buildConfigurationList = 0121B5A814130A1300982E4A /* Build configuration list for PBXProject "TabBarSample" */;
			compatibilityVersion = "Xcode 3.2";
			developmentRegion = English;
			hasScannedForEncodings = 0;
			knownRegions = (
				en,
			);
			mainGroup = 0121B5A314130A1300982E4A;
			productRefGroup = 0121B5AF14130A1300982E4A /* Products */;
			projectDirPath = "";
			projectRoot = "";
			targets = (
				0121B5AD14130A1300982E4A /* TabBarSample */,
				0121B5D714130A1300982E4A /* TabBarSampleTests */,
			);
		};
/* End PBXProject section */

/* Begin PBXResourcesBuildPhase section */
		0121B5AC14130A1300982E4A /* Resources */ = {
			isa = PBXResourcesBuildPhase;
			buildActionMask = 2147483647;
			files = (
				0121B5BD14130A1300982E4A /* InfoPlist.strings in Resources */,
				0121B5C614130A1300982E4A /* MainWindow.xib in Resources */,
				0121B5FF1413107100982E4A /* SeachViewController.xib in Resources */,
				0121B605141311B900982E4A /* MainNaviController.xib in Resources */,
				0121B60A1413129100982E4A /* ContentsTableController.xib in Resources */,
			);
			runOnlyForDeploymentPostprocessing = 0;
		};
		0121B5D514130A1300982E4A /* Resources */ = {
			isa = PBXResourcesBuildPhase;
			buildActionMask = 2147483647;
			files = (
				0121B5E514130A1300982E4A /* InfoPlist.strings in Resources */,
				0121B5E714130A1300982E4A /* TabBarSampleTests.h in Resources */,
			);
			runOnlyForDeploymentPostprocessing = 0;
		};
/* End PBXResourcesBuildPhase section */

/* Begin PBXShellScriptBuildPhase section */
		0121B5D614130A1300982E4A /* ShellScript */ = {
			isa = PBXShellScriptBuildPhase;
			buildActionMask = 2147483647;
			files = (
			);
			inputPaths = (
			);
			outputPaths = (
			);
			runOnlyForDeploymentPostprocessing = 0;
			shellPath = /bin/sh;
			shellScript = "# Run the unit tests in this test bundle.\n\"${SYSTEM_DEVELOPER_DIR}/Tools/RunUnitTests\"\n";
		};
/* End PBXShellScriptBuildPhase section */

/* Begin PBXSourcesBuildPhase section */
		0121B5AA14130A1300982E4A /* Sources */ = {
			isa = PBXSourcesBuildPhase;
			buildActionMask = 2147483647;
			files = (
				0121B5BF14130A1300982E4A /* main.m in Sources */,
				0121B5C314130A1300982E4A /* TabBarSampleAppDelegate.m in Sources */,
				0121B5FE1413107100982E4A /* SeachViewController.m in Sources */,
				0121B604141311B900982E4A /* MainNaviController.m in Sources */,
				0121B6091413129100982E4A /* ContentsTableController.m in Sources */,
			);
			runOnlyForDeploymentPostprocessing = 0;
		};
		0121B5D314130A1300982E4A /* Sources */ = {
			isa = PBXSourcesBuildPhase;
			buildActionMask = 2147483647;
			files = (
				0121B5E914130A1300982E4A /* TabBarSampleTests.m in Sources */,
			);
			runOnlyForDeploymentPostprocessing = 0;
		};
/* End PBXSourcesBuildPhase section */

/* Begin PBXTargetDependency section */
		0121B5DF14130A1300982E4A /* PBXTargetDependency */ = {
			isa = PBXTargetDependency;
			target = 0121B5AD14130A1300982E4A /* TabBarSample */;
			targetProxy = 0121B5DE14130A1300982E4A /* PBXContainerItemProxy */;
		};
/* End PBXTargetDependency section */

/* Begin PBXVariantGroup section */
		0121B5BB14130A1300982E4A /* InfoPlist.strings */ = {
			isa = PBXVariantGroup;
			children = (
				0121B5BC14130A1300982E4A /* en */,
			);
			name = InfoPlist.strings;
			sourceTree = "<group>";
		};
		0121B5C414130A1300982E4A /* MainWindow.xib */ = {
			isa = PBXVariantGroup;
			children = (
				0121B5C514130A1300982E4A /* en */,
			);
			name = MainWindow.xib;
			sourceTree = "<group>";
		};
		0121B5E314130A1300982E4A /* InfoPlist.strings */ = {
			isa = PBXVariantGroup;
			children = (
				0121B5E414130A1300982E4A /* en */,
			);
			name = InfoPlist.strings;
			sourceTree = "<group>";
		};
/* End PBXVariantGroup section */

/* Begin XCBuildConfiguration section */
		0121B5EA14130A1300982E4A /* Debug */ = {
			isa = XCBuildConfiguration;
			buildSettings = {
				ALWAYS_SEARCH_USER_PATHS = NO;
				ARCHS = "$(ARCHS_STANDARD_32_BIT)";
				"CODE_SIGN_IDENTITY[sdk=iphoneos*]" = "iPhone Developer";
				COPY_PHASE_STRIP = NO;
				GCC_C_LANGUAGE_STANDARD = gnu99;
				GCC_DYNAMIC_NO_PIC = NO;
				GCC_OPTIMIZATION_LEVEL = 0;
				GCC_PREPROCESSOR_DEFINITIONS = (
					"DEBUG=1",
					"$(inherited)",
				);
				GCC_SYMBOLS_PRIVATE_EXTERN = NO;
				GCC_VERSION = com.apple.compilers.llvmgcc42;
				GCC_WARN_ABOUT_MISSING_PROTOTYPES = YES;
				GCC_WARN_ABOUT_RETURN_TYPE = YES;
				GCC_WARN_UNUSED_VARIABLE = YES;
				IPHONEOS_DEPLOYMENT_TARGET = 4.3;
				SDKROOT = iphoneos;
			};
			name = Debug;
		};
		0121B5EB14130A1300982E4A /* Release */ = {
			isa = XCBuildConfiguration;
			buildSettings = {
				ALWAYS_SEARCH_USER_PATHS = NO;
				ARCHS = "$(ARCHS_STANDARD_32_BIT)";
				"CODE_SIGN_IDENTITY[sdk=iphoneos*]" = "iPhone Developer";
				COPY_PHASE_STRIP = YES;
				GCC_C_LANGUAGE_STANDARD = gnu99;
				GCC_VERSION = com.apple.compilers.llvmgcc42;
				GCC_WARN_ABOUT_MISSING_PROTOTYPES = YES;
				GCC_WARN_ABOUT_RETURN_TYPE = YES;
				GCC_WARN_UNUSED_VARIABLE = YES;
				IPHONEOS_DEPLOYMENT_TARGET = 4.3;
				OTHER_CFLAGS = "-DNS_BLOCK_ASSERTIONS=1";
				SDKROOT = iphoneos;
				VALIDATE_PRODUCT = YES;
			};
			name = Release;
		};
		0121B5ED14130A1300982E4A /* Debug */ = {
			isa = XCBuildConfiguration;
			buildSettings = {
				GCC_PRECOMPILE_PREFIX_HEADER = YES;
				GCC_PREFIX_HEADER = "TabBarSample/TabBarSample-Prefix.pch";
				INFOPLIST_FILE = "TabBarSample/TabBarSample-Info.plist";
				PRODUCT_NAME = "$(TARGET_NAME)";
				WRAPPER_EXTENSION = app;
			};
			name = Debug;
		};
		0121B5EE14130A1300982E4A /* Release */ = {
			isa = XCBuildConfiguration;
			buildSettings = {
				GCC_PRECOMPILE_PREFIX_HEADER = YES;
				GCC_PREFIX_HEADER = "TabBarSample/TabBarSample-Prefix.pch";
				INFOPLIST_FILE = "TabBarSample/TabBarSample-Info.plist";
				PRODUCT_NAME = "$(TARGET_NAME)";
				WRAPPER_EXTENSION = app;
			};
			name = Release;
		};
		0121B5F014130A1300982E4A /* Debug */ = {
			isa = XCBuildConfiguration;
			buildSettings = {
				BUNDLE_LOADER = "$(BUILT_PRODUCTS_DIR)/TabBarSample.app/TabBarSample";
				FRAMEWORK_SEARCH_PATHS = (
					"$(SDKROOT)/Developer/Library/Frameworks",
					"$(DEVELOPER_LIBRARY_DIR)/Frameworks",
				);
				GCC_PRECOMPILE_PREFIX_HEADER = YES;
				GCC_PREFIX_HEADER = "TabBarSample/TabBarSample-Prefix.pch";
				INFOPLIST_FILE = "TabBarSampleTests/TabBarSampleTests-Info.plist";
				PRODUCT_NAME = "$(TARGET_NAME)";
				TEST_HOST = "$(BUNDLE_LOADER)";
				WRAPPER_EXTENSION = octest;
			};
			name = Debug;
		};
		0121B5F114130A1300982E4A /* Release */ = {
			isa = XCBuildConfiguration;
			buildSettings = {
				BUNDLE_LOADER = "$(BUILT_PRODUCTS_DIR)/TabBarSample.app/TabBarSample";
				FRAMEWORK_SEARCH_PATHS = (
					"$(SDKROOT)/Developer/Library/Frameworks",
					"$(DEVELOPER_LIBRARY_DIR)/Frameworks",
				);
				GCC_PRECOMPILE_PREFIX_HEADER = YES;
				GCC_PREFIX_HEADER = "TabBarSample/TabBarSample-Prefix.pch";
				INFOPLIST_FILE = "TabBarSampleTests/TabBarSampleTests-Info.plist";
				PRODUCT_NAME = "$(TARGET_NAME)";
				TEST_HOST = "$(BUNDLE_LOADER)";
				WRAPPER_EXTENSION = octest;
			};
			name = Release;
		};
/* End XCBuildConfiguration section */

/* Begin XCConfigurationList section */
		0121B5A814130A1300982E4A /* Build configuration list for PBXProject "TabBarSample" */ = {
			isa = XCConfigurationList;
			buildConfigurations = (
				0121B5EA14130A1300982E4A /* Debug */,
				0121B5EB14130A1300982E4A /* Release */,
			);
			defaultConfigurationIsVisible = 0;
			defaultConfigurationName = Release;
		};
		0121B5EC14130A1300982E4A /* Build configuration list for PBXNativeTarget "TabBarSample" */ = {
			isa = XCConfigurationList;
			buildConfigurations = (
				0121B5ED14130A1300982E4A /* Debug */,
				0121B5EE14130A1300982E4A /* Release */,
			);
			defaultConfigurationIsVisible = 0;
			defaultConfigurationName = Release;
		};
		0121B5EF14130A1300982E4A /* Build configuration list for PBXNativeTarget "TabBarSampleTests" */ = {
			isa = XCConfigurationList;
			buildConfigurations = (
				0121B5F014130A1300982E4A /* Debug */,
				0121B5F114130A1300982E4A /* Release */,
			);
			defaultConfigurationIsVisible = 0;
			defaultConfigurationName = Release;
		};
/* End XCConfigurationList section */
	};
	rootObject = 0121B5A514130A1300982E4A /* Project object */;
}
